
Microsoft Visual Studio Solution File, Format Version 12.00
# Visual Studio 15
VisualStudioVersion = 15.0.27004.2005
MinimumVisualStudioVersion = 10.0.40219.1
Project("{FAE04EC0-301F-11D3-BF4B-00C04F79EFBC}") = "WpfApp1", "WpfApp1\WpfApp1.csproj", "{7FC55A39-4459-4E72-96FC-91B199C9AE97}"
EndProject
Global
	GlobalSection(SolutionConfigurationPlatforms) = preSolution
		Debug|Any CPU = Debug|Any CPU
		Release|Any CPU = Release|Any CPU
	EndGlobalSection
	GlobalSection(ProjectConfigurationPlatforms) = postSolution
		{7FC55A39-4459-4E72-96FC-91B199C9AE97}.Debug|Any CPU.ActiveCfg = Debug|Any CPU
		{7FC55A39-4459-4E72-96FC-91B199C9AE97}.Debug|Any CPU.Build.0 = Debug|Any CPU
		{7FC55A39-4459-4E72-96FC-91B199C9AE97}.Release|Any CPU.ActiveCfg = Release|Any CPU
		{7FC55A39-4459-4E72-96FC-91B199C9AE97}.Release|Any CPU.Build.0 = Release|Any CPU
	EndGlobalSection
	GlobalSection(SolutionProperties) = preSolution
		HideSolutionNode = FALSE
	EndGlobalSection
	GlobalSection(ExtensibilityGlobals) = postSolution
		SolutionGuid = {D221D95A-236E-459F-9017-D4526CDB0967}
	EndGlobalSection
EndGlobal
